
Microsoft Visual Studio Solution File, Format Version 11.00
# Visual Studio 2010
Project("{FAE04EC0-301F-11D3-BF4B-00C04F79EFBC}") = "SelfHostedServer", "SelfHosted\server\SelfHostedServer.csproj", "{0DD1D86C-8F26-4B36-85C2-D4D437D86DD2}"
EndProject
Project("{F2A71F9B-5D33-465A-A702-920D77279786}") = "FSharpServer", "SelfHosted\FSharpServer\FSharpServer.fsproj", "{69C9B749-3FFB-4301-9057-DC21A56722D4}"
EndProject
Global
	GlobalSection(SolutionConfigurationPlatforms) = preSolution
		Debug|Any CPU = Debug|Any CPU
		Debug|Mixed Platforms = Debug|Mixed Platforms
		Debug|x86 = Debug|x86
		Release|Any CPU = Release|Any CPU
		Release|Mixed Platforms = Release|Mixed Platforms
		Release|x86 = Release|x86
	EndGlobalSection
	GlobalSection(ProjectConfigurationPlatforms) = postSolution
		{0DD1D86C-8F26-4B36-85C2-D4D437D86DD2}.Debug|Any CPU.ActiveCfg = Debug|x86
		{0DD1D86C-8F26-4B36-85C2-D4D437D86DD2}.Debug|Mixed Platforms.ActiveCfg = Debug|x86
		{0DD1D86C-8F26-4B36-85C2-D4D437D86DD2}.Debug|Mixed Platforms.Build.0 = Debug|x86
		{0DD1D86C-8F26-4B36-85C2-D4D437D86DD2}.Debug|x86.ActiveCfg = Debug|x86
		{0DD1D86C-8F26-4B36-85C2-D4D437D86DD2}.Debug|x86.Build.0 = Debug|x86
		{0DD1D86C-8F26-4B36-85C2-D4D437D86DD2}.Release|Any CPU.ActiveCfg = Release|x86
		{0DD1D86C-8F26-4B36-85C2-D4D437D86DD2}.Release|Mixed Platforms.ActiveCfg = Release|x86
		{0DD1D86C-8F26-4B36-85C2-D4D437D86DD2}.Release|Mixed Platforms.Build.0 = Release|x86
		{0DD1D86C-8F26-4B36-85C2-D4D437D86DD2}.Release|x86.ActiveCfg = Release|x86
		{0DD1D86C-8F26-4B36-85C2-D4D437D86DD2}.Release|x86.Build.0 = Release|x86
		{69C9B749-3FFB-4301-9057-DC21A56722D4}.Debug|Any CPU.ActiveCfg = Debug|x86
		{69C9B749-3FFB-4301-9057-DC21A56722D4}.Debug|Mixed Platforms.ActiveCfg = Debug|x86
		{69C9B749-3FFB-4301-9057-DC21A56722D4}.Debug|Mixed Platforms.Build.0 = Debug|x86
		{69C9B749-3FFB-4301-9057-DC21A56722D4}.Debug|x86.ActiveCfg = Debug|x86
		{69C9B749-3FFB-4301-9057-DC21A56722D4}.Debug|x86.Build.0 = Debug|x86
		{69C9B749-3FFB-4301-9057-DC21A56722D4}.Release|Any CPU.ActiveCfg = Release|x86
		{69C9B749-3FFB-4301-9057-DC21A56722D4}.Release|Mixed Platforms.ActiveCfg = Release|x86
		{69C9B749-3FFB-4301-9057-DC21A56722D4}.Release|Mixed Platforms.Build.0 = Release|x86
		{69C9B749-3FFB-4301-9057-DC21A56722D4}.Release|x86.ActiveCfg = Release|x86
		{69C9B749-3FFB-4301-9057-DC21A56722D4}.Release|x86.Build.0 = Release|x86
	EndGlobalSection
	GlobalSection(SolutionProperties) = preSolution
		HideSolutionNode = FALSE
	EndGlobalSection
EndGlobal
