
Microsoft Visual Studio Solution File, Format Version 11.00
# Visual Studio 2010
Project("{FAE04EC0-301F-11D3-BF4B-00C04F79EFBC}") = "HttpContrib", "Silverlight\HttpContrib\HttpContrib.csproj", "{6AABB8EE-A40E-40F5-8C3B-17F2E1D30FDB}"
EndProject
Project("{FAE04EC0-301F-11D3-BF4B-00C04F79EFBC}") = "HttpContrib.Silverlight", "Silverlight\HttpContrib.Silverlight\HttpContrib.Silverlight.csproj", "{34DBC47A-A504-4B00-B71A-6B109C03DFAC}"
EndProject
Project("{FAE04EC0-301F-11D3-BF4B-00C04F79EFBC}") = "QueryableSilverlight", "Silverlight\QueryableSilverlight\QueryableSilverlight.csproj", "{DB79CD14-CA5F-4CA5-ACEC-CFB908AF6C8A}"
EndProject
Project("{FAE04EC0-301F-11D3-BF4B-00C04F79EFBC}") = "QueryableSilverlight.Web", "Silverlight\QueryableSilverlight.Web\QueryableSilverlight.Web.csproj", "{4627F0CC-39DD-4618-B3DD-F0BA87B537B7}"
EndProject
Project("{FAE04EC0-301F-11D3-BF4B-00C04F79EFBC}") = "Phone", "Silverlight\Phone\Phone.csproj", "{C365F312-96F5-4BF5-8D2B-BD8D862DDA31}"
EndProject
Project("{FAE04EC0-301F-11D3-BF4B-00C04F79EFBC}") = "HttpContrib.Phone", "Silverlight\HttpContrib.Phone\HttpContrib.Phone.csproj", "{B36611E3-4044-4122-83EB-6940914AFE6B}"
EndProject
Global
	GlobalSection(SolutionConfigurationPlatforms) = preSolution
		Debug|Any CPU = Debug|Any CPU
		Release|Any CPU = Release|Any CPU
	EndGlobalSection
	GlobalSection(ProjectConfigurationPlatforms) = postSolution
		{6AABB8EE-A40E-40F5-8C3B-17F2E1D30FDB}.Debug|Any CPU.ActiveCfg = Debug|Any CPU
		{6AABB8EE-A40E-40F5-8C3B-17F2E1D30FDB}.Debug|Any CPU.Build.0 = Debug|Any CPU
		{6AABB8EE-A40E-40F5-8C3B-17F2E1D30FDB}.Release|Any CPU.ActiveCfg = Release|Any CPU
		{6AABB8EE-A40E-40F5-8C3B-17F2E1D30FDB}.Release|Any CPU.Build.0 = Release|Any CPU
		{34DBC47A-A504-4B00-B71A-6B109C03DFAC}.Debug|Any CPU.ActiveCfg = Debug|Any CPU
		{34DBC47A-A504-4B00-B71A-6B109C03DFAC}.Debug|Any CPU.Build.0 = Debug|Any CPU
		{34DBC47A-A504-4B00-B71A-6B109C03DFAC}.Release|Any CPU.ActiveCfg = Release|Any CPU
		{34DBC47A-A504-4B00-B71A-6B109C03DFAC}.Release|Any CPU.Build.0 = Release|Any CPU
		{DB79CD14-CA5F-4CA5-ACEC-CFB908AF6C8A}.Debug|Any CPU.ActiveCfg = Debug|Any CPU
		{DB79CD14-CA5F-4CA5-ACEC-CFB908AF6C8A}.Debug|Any CPU.Build.0 = Debug|Any CPU
		{DB79CD14-CA5F-4CA5-ACEC-CFB908AF6C8A}.Release|Any CPU.ActiveCfg = Release|Any CPU
		{DB79CD14-CA5F-4CA5-ACEC-CFB908AF6C8A}.Release|Any CPU.Build.0 = Release|Any CPU
		{4627F0CC-39DD-4618-B3DD-F0BA87B537B7}.Debug|Any CPU.ActiveCfg = Debug|Any CPU
		{4627F0CC-39DD-4618-B3DD-F0BA87B537B7}.Debug|Any CPU.Build.0 = Debug|Any CPU
		{4627F0CC-39DD-4618-B3DD-F0BA87B537B7}.Release|Any CPU.ActiveCfg = Release|Any CPU
		{4627F0CC-39DD-4618-B3DD-F0BA87B537B7}.Release|Any CPU.Build.0 = Release|Any CPU
		{C365F312-96F5-4BF5-8D2B-BD8D862DDA31}.Debug|Any CPU.ActiveCfg = Debug|Any CPU
		{C365F312-96F5-4BF5-8D2B-BD8D862DDA31}.Debug|Any CPU.Build.0 = Debug|Any CPU
		{C365F312-96F5-4BF5-8D2B-BD8D862DDA31}.Debug|Any CPU.Deploy.0 = Debug|Any CPU
		{C365F312-96F5-4BF5-8D2B-BD8D862DDA31}.Release|Any CPU.ActiveCfg = Release|Any CPU
		{C365F312-96F5-4BF5-8D2B-BD8D862DDA31}.Release|Any CPU.Build.0 = Release|Any CPU
		{C365F312-96F5-4BF5-8D2B-BD8D862DDA31}.Release|Any CPU.Deploy.0 = Release|Any CPU
		{B36611E3-4044-4122-83EB-6940914AFE6B}.Debug|Any CPU.ActiveCfg = Debug|Any CPU
		{B36611E3-4044-4122-83EB-6940914AFE6B}.Debug|Any CPU.Build.0 = Debug|Any CPU
		{B36611E3-4044-4122-83EB-6940914AFE6B}.Release|Any CPU.ActiveCfg = Release|Any CPU
		{B36611E3-4044-4122-83EB-6940914AFE6B}.Release|Any CPU.Build.0 = Release|Any CPU
	EndGlobalSection
	GlobalSection(SolutionProperties) = preSolution
		HideSolutionNode = FALSE
	EndGlobalSection
EndGlobal
