
Microsoft Visual Studio Solution File, Format Version 11.00
# Visual Studio 2010
Project("{2150E333-8FDC-42A3-9474-1A3956D46DE8}") = "Solution Items", "Solution Items", "{E735E613-AE54-4151-9944-ABE4885979D5}"
	ProjectSection(SolutionItems) = preProject
		Formatters\Local.testsettings = Formatters\Local.testsettings
		TraceAndTestImpact.testsettings = TraceAndTestImpact.testsettings
		WebAPIContrib.vsmdi = WebAPIContrib.vsmdi
	EndProjectSection
EndProject
Project("{FAE04EC0-301F-11D3-BF4B-00C04F79EFBC}") = "WebApiContrib.MessageHandlers", "WebApiContrib.MessageHandlers\WebApiContrib.MessageHandlers.csproj", "{8306EE28-43A6-41CD-84A1-FE30B03CBF4C}"
EndProject
Project("{FAE04EC0-301F-11D3-BF4B-00C04F79EFBC}") = "WebApiContrib.OperationHandlers", "WebApiContrib.OperationHandlers\WebApiContrib.OperationHandlers.csproj", "{643DDF18-7E49-4238-BEF1-A42733383745}"
EndProject
Project("{FAE04EC0-301F-11D3-BF4B-00C04F79EFBC}") = "WebApiContrib.MessageHandlers.Tests", "WebApiContrib.MessageHandlers.Tests\WebApiContrib.MessageHandlers.Tests.csproj", "{7FF5CA9E-CE13-4A66-AC1A-509AF610EB48}"
EndProject
Project("{FAE04EC0-301F-11D3-BF4B-00C04F79EFBC}") = "WebApiContrib.OperationHandlers.Tests", "WebApiContrib.OperationHandlers.Tests\WebApiContrib.OperationHandlers.Tests.csproj", "{EF765D0D-5E4C-43C5-9C95-41184E82BF07}"
EndProject
Project("{2150E333-8FDC-42A3-9474-1A3956D46DE8}") = "Formatters", "Formatters", "{4495023A-5484-4F74-99DA-4C0FDE577A48}"
EndProject
Project("{FAE04EC0-301F-11D3-BF4B-00C04F79EFBC}") = "WebApiContrib.Formatters.JsonNet", "Formatters\JSONNet\WebApiContrib.Formatters.JsonNet.csproj", "{4B518094-4BE4-47EE-B2E0-E9534CFB2944}"
EndProject
Project("{FAE04EC0-301F-11D3-BF4B-00C04F79EFBC}") = "WebApiContrib.Formatters.Core", "Formatters\Core\WebApiContrib.Formatters.Core.csproj", "{60D7AD61-35F2-4F1D-BEB0-7E4902BCB6BC}"
EndProject
Project("{FAE04EC0-301F-11D3-BF4B-00C04F79EFBC}") = "WebApiContrib.Formatters.NinaViewEngine", "Formatters\NinaViewEngine\WebApiContrib.Formatters.NinaViewEngine.csproj", "{4987D7F1-61CD-488C-8F0E-B34089E967DE}"
EndProject
Project("{FAE04EC0-301F-11D3-BF4B-00C04F79EFBC}") = "WebApiContrib.Formatters.Tests", "Formatters\WebApiContrib.Formatters.Tests\WebApiContrib.Formatters.Tests.csproj", "{EA6F54F6-838F-4BF6-83A2-EC8325757EA2}"
EndProject
Project("{FAE04EC0-301F-11D3-BF4B-00C04F79EFBC}") = "WebApiContrib", "WebApiContrib\WebApiContrib.csproj", "{A40F53DE-4B62-4AC5-8CF6-E7F6E802379C}"
EndProject
Global
	GlobalSection(TestCaseManagementSettings) = postSolution
		CategoryFile = WebAPIContrib.vsmdi
	EndGlobalSection
	GlobalSection(SolutionConfigurationPlatforms) = preSolution
		Debug|Any CPU = Debug|Any CPU
		Release|Any CPU = Release|Any CPU
	EndGlobalSection
	GlobalSection(ProjectConfigurationPlatforms) = postSolution
		{8306EE28-43A6-41CD-84A1-FE30B03CBF4C}.Debug|Any CPU.ActiveCfg = Debug|Any CPU
		{8306EE28-43A6-41CD-84A1-FE30B03CBF4C}.Debug|Any CPU.Build.0 = Debug|Any CPU
		{8306EE28-43A6-41CD-84A1-FE30B03CBF4C}.Release|Any CPU.ActiveCfg = Release|Any CPU
		{8306EE28-43A6-41CD-84A1-FE30B03CBF4C}.Release|Any CPU.Build.0 = Release|Any CPU
		{643DDF18-7E49-4238-BEF1-A42733383745}.Debug|Any CPU.ActiveCfg = Debug|Any CPU
		{643DDF18-7E49-4238-BEF1-A42733383745}.Debug|Any CPU.Build.0 = Debug|Any CPU
		{643DDF18-7E49-4238-BEF1-A42733383745}.Release|Any CPU.ActiveCfg = Release|Any CPU
		{643DDF18-7E49-4238-BEF1-A42733383745}.Release|Any CPU.Build.0 = Release|Any CPU
		{7FF5CA9E-CE13-4A66-AC1A-509AF610EB48}.Debug|Any CPU.ActiveCfg = Debug|Any CPU
		{7FF5CA9E-CE13-4A66-AC1A-509AF610EB48}.Debug|Any CPU.Build.0 = Debug|Any CPU
		{7FF5CA9E-CE13-4A66-AC1A-509AF610EB48}.Release|Any CPU.ActiveCfg = Release|Any CPU
		{7FF5CA9E-CE13-4A66-AC1A-509AF610EB48}.Release|Any CPU.Build.0 = Release|Any CPU
		{EF765D0D-5E4C-43C5-9C95-41184E82BF07}.Debug|Any CPU.ActiveCfg = Debug|Any CPU
		{EF765D0D-5E4C-43C5-9C95-41184E82BF07}.Debug|Any CPU.Build.0 = Debug|Any CPU
		{EF765D0D-5E4C-43C5-9C95-41184E82BF07}.Release|Any CPU.ActiveCfg = Release|Any CPU
		{EF765D0D-5E4C-43C5-9C95-41184E82BF07}.Release|Any CPU.Build.0 = Release|Any CPU
		{4B518094-4BE4-47EE-B2E0-E9534CFB2944}.Debug|Any CPU.ActiveCfg = Debug|Any CPU
		{4B518094-4BE4-47EE-B2E0-E9534CFB2944}.Debug|Any CPU.Build.0 = Debug|Any CPU
		{4B518094-4BE4-47EE-B2E0-E9534CFB2944}.Release|Any CPU.ActiveCfg = Release|Any CPU
		{4B518094-4BE4-47EE-B2E0-E9534CFB2944}.Release|Any CPU.Build.0 = Release|Any CPU
		{60D7AD61-35F2-4F1D-BEB0-7E4902BCB6BC}.Debug|Any CPU.ActiveCfg = Debug|Any CPU
		{60D7AD61-35F2-4F1D-BEB0-7E4902BCB6BC}.Debug|Any CPU.Build.0 = Debug|Any CPU
		{60D7AD61-35F2-4F1D-BEB0-7E4902BCB6BC}.Release|Any CPU.ActiveCfg = Release|Any CPU
		{60D7AD61-35F2-4F1D-BEB0-7E4902BCB6BC}.Release|Any CPU.Build.0 = Release|Any CPU
		{4987D7F1-61CD-488C-8F0E-B34089E967DE}.Debug|Any CPU.ActiveCfg = Debug|Any CPU
		{4987D7F1-61CD-488C-8F0E-B34089E967DE}.Debug|Any CPU.Build.0 = Debug|Any CPU
		{4987D7F1-61CD-488C-8F0E-B34089E967DE}.Release|Any CPU.ActiveCfg = Release|Any CPU
		{4987D7F1-61CD-488C-8F0E-B34089E967DE}.Release|Any CPU.Build.0 = Release|Any CPU
		{EA6F54F6-838F-4BF6-83A2-EC8325757EA2}.Debug|Any CPU.ActiveCfg = Debug|Any CPU
		{EA6F54F6-838F-4BF6-83A2-EC8325757EA2}.Debug|Any CPU.Build.0 = Debug|Any CPU
		{EA6F54F6-838F-4BF6-83A2-EC8325757EA2}.Release|Any CPU.ActiveCfg = Release|Any CPU
		{EA6F54F6-838F-4BF6-83A2-EC8325757EA2}.Release|Any CPU.Build.0 = Release|Any CPU
		{A40F53DE-4B62-4AC5-8CF6-E7F6E802379C}.Debug|Any CPU.ActiveCfg = Debug|Any CPU
		{A40F53DE-4B62-4AC5-8CF6-E7F6E802379C}.Debug|Any CPU.Build.0 = Debug|Any CPU
		{A40F53DE-4B62-4AC5-8CF6-E7F6E802379C}.Release|Any CPU.ActiveCfg = Release|Any CPU
		{A40F53DE-4B62-4AC5-8CF6-E7F6E802379C}.Release|Any CPU.Build.0 = Release|Any CPU
	EndGlobalSection
	GlobalSection(SolutionProperties) = preSolution
		HideSolutionNode = FALSE
	EndGlobalSection
	GlobalSection(NestedProjects) = preSolution
		{4B518094-4BE4-47EE-B2E0-E9534CFB2944} = {4495023A-5484-4F74-99DA-4C0FDE577A48}
		{60D7AD61-35F2-4F1D-BEB0-7E4902BCB6BC} = {4495023A-5484-4F74-99DA-4C0FDE577A48}
		{4987D7F1-61CD-488C-8F0E-B34089E967DE} = {4495023A-5484-4F74-99DA-4C0FDE577A48}
		{EA6F54F6-838F-4BF6-83A2-EC8325757EA2} = {4495023A-5484-4F74-99DA-4C0FDE577A48}
	EndGlobalSection
EndGlobal
